// !$*UTF8*$!
{
	archiveVersion = 1;
	classes = {
	};
	objectVersion = 48;
	objects = {

/* Begin PBXBuildFile section */
		1DE7E7C89C0415F2DA65DA0E /* libPods-NIPRnHotReloadTests.a in Frameworks */ = {isa = PBXBuildFile; fileRef = 09658855317612F4BFB543E9 /* libPods-NIPRnHotReloadTests.a */; };
		61A1E408E41563797A23DCF8 /* libPods-NIPRnHotReloadUITests.a in Frameworks */ = {isa = PBXBuildFile; fileRef = 60A51D8C8AA04DC798E16B72 /* libPods-NIPRnHotReloadUITests.a */; };
		AF7D2A5720440668004BBF11 /* AppDelegate.m in Sources */ = {isa = PBXBuildFile; fileRef = AF7D2A5620440668004BBF11 /* AppDelegate.m */; };
		AF7D2A5A20440668004BBF11 /* ViewController.m in Sources */ = {isa = PBXBuildFile; fileRef = AF7D2A5920440668004BBF11 /* ViewController.m */; };
		AF7D2A5D20440668004BBF11 /* Main.storyboard in Resources */ = {isa = PBXBuildFile; fileRef = AF7D2A5B20440668004BBF11 /* Main.storyboard */; };
		AF7D2A5F20440668004BBF11 /* Assets.xcassets in Resources */ = {isa = PBXBuildFile; fileRef = AF7D2A5E20440668004BBF11 /* Assets.xcassets */; };
		AF7D2A6220440668004BBF11 /* LaunchScreen.storyboard in Resources */ = {isa = PBXBuildFile; fileRef = AF7D2A6020440668004BBF11 /* LaunchScreen.storyboard */; };
		AF7D2A6520440668004BBF11 /* main.m in Sources */ = {isa = PBXBuildFile; fileRef = AF7D2A6420440668004BBF11 /* main.m */; };
		AF7D2A6F20440668004BBF11 /* NIPRnHotReloadTests.m in Sources */ = {isa = PBXBuildFile; fileRef = AF7D2A6E20440668004BBF11 /* NIPRnHotReloadTests.m */; };
		AF7D2A7A20440668004BBF11 /* NIPRnHotReloadUITests.m in Sources */ = {isa = PBXBuildFile; fileRef = AF7D2A7920440668004BBF11 /* NIPRnHotReloadUITests.m */; };
		AF7D2AC520440946004BBF11 /* NIPRnHotReloadHelper.m in Sources */ = {isa = PBXBuildFile; fileRef = AF7D2AAC20440945004BBF11 /* NIPRnHotReloadHelper.m */; };
		AF7D2AC620440946004BBF11 /* NIPRnController.m in Sources */ = {isa = PBXBuildFile; fileRef = AF7D2AB120440946004BBF11 /* NIPRnController.m */; };
		AF7D2AC720440946004BBF11 /* DiffMatchPatch.m in Sources */ = {isa = PBXBuildFile; fileRef = AF7D2AB420440946004BBF11 /* DiffMatchPatch.m */; };
		AF7D2AC820440946004BBF11 /* DiffMatchPatchCFUtilities.c in Sources */ = {isa = PBXBuildFile; fileRef = AF7D2AB520440946004BBF11 /* DiffMatchPatchCFUtilities.c */; };
		AF7D2AC920440946004BBF11 /* NSMutableDictionary+DMPExtensions.m in Sources */ = {isa = PBXBuildFile; fileRef = AF7D2ABB20440946004BBF11 /* NSMutableDictionary+DMPExtensions.m */; };
		AF7D2ACA20440946004BBF11 /* NSString+JavaSubstring.m in Sources */ = {isa = PBXBuildFile; fileRef = AF7D2ABD20440946004BBF11 /* NSString+JavaSubstring.m */; };
		AF7D2ACB20440946004BBF11 /* NSString+UnicharUtilities.m in Sources */ = {isa = PBXBuildFile; fileRef = AF7D2ABF20440946004BBF11 /* NSString+UnicharUtilities.m */; };
		AF7D2ACC20440946004BBF11 /* NSString+UriCompatibility.m in Sources */ = {isa = PBXBuildFile; fileRef = AF7D2AC120440946004BBF11 /* NSString+UriCompatibility.m */; };
		AF7D2ACD20440946004BBF11 /* NIPRnManager.m in Sources */ = {isa = PBXBuildFile; fileRef = AF7D2AC320440946004BBF11 /* NIPRnManager.m */; };
		AF7D2ACE20440946004BBF11 /* NIPRnUpdateService.m in Sources */ = {isa = PBXBuildFile; fileRef = AF7D2AC420440946004BBF11 /* NIPRnUpdateService.m */; };
		FD084195F33FE5C5318DE1F8 /* libPods-NIPRnHotReload.a in Frameworks */ = {isa = PBXBuildFile; fileRef = 13D81632A3A7CF579C0CAE3D /* libPods-NIPRnHotReload.a */; };
/* End PBXBuildFile section */

/* Begin PBXContainerItemProxy section */
		AF7D2A6B20440668004BBF11 /* PBXContainerItemProxy */ = {
			isa = PBXContainerItemProxy;
			containerPortal = AF7D2A4A20440668004BBF11 /* Project object */;
			proxyType = 1;
			remoteGlobalIDString = AF7D2A5120440668004BBF11;
			remoteInfo = NIPRnHotReload;
		};
		AF7D2A7620440668004BBF11 /* PBXContainerItemProxy */ = {
			isa = PBXContainerItemProxy;
			containerPortal = AF7D2A4A20440668004BBF11 /* Project object */;
			proxyType = 1;
			remoteGlobalIDString = AF7D2A5120440668004BBF11;
			remoteInfo = NIPRnHotReload;
		};
/* End PBXContainerItemProxy section */

/* Begin PBXFileReference section */
		062B80308CDF92D0B04CECE2 /* Pods-NIPRnHotReloadUITests.release.xcconfig */ = {isa = PBXFileReference; includeInIndex = 1; lastKnownFileType = text.xcconfig; name = "Pods-NIPRnHotReloadUITests.release.xcconfig"; path = "Pods/Target Support Files/Pods-NIPRnHotReloadUITests/Pods-NIPRnHotReloadUITests.release.xcconfig"; sourceTree = "<group>"; };
		09658855317612F4BFB543E9 /* libPods-NIPRnHotReloadTests.a */ = {isa = PBXFileReference; explicitFileType = archive.ar; includeInIndex = 0; path = "libPods-NIPRnHotReloadTests.a"; sourceTree = BUILT_PRODUCTS_DIR; };
		13D81632A3A7CF579C0CAE3D /* libPods-NIPRnHotReload.a */ = {isa = PBXFileReference; explicitFileType = archive.ar; includeInIndex = 0; path = "libPods-NIPRnHotReload.a"; sourceTree = BUILT_PRODUCTS_DIR; };
		1994AA371A8FF0B23FBFA9CA /* Pods-NIPRnHotReloadUITests.debug.xcconfig */ = {isa = PBXFileReference; includeInIndex = 1; lastKnownFileType = text.xcconfig; name = "Pods-NIPRnHotReloadUITests.debug.xcconfig"; path = "Pods/Target Support Files/Pods-NIPRnHotReloadUITests/Pods-NIPRnHotReloadUITests.debug.xcconfig"; sourceTree = "<group>"; };
		1DE19D502446A95EBB70D1E0 /* Pods-NIPRnHotReloadTests.release.xcconfig */ = {isa = PBXFileReference; includeInIndex = 1; lastKnownFileType = text.xcconfig; name = "Pods-NIPRnHotReloadTests.release.xcconfig"; path = "Pods/Target Support Files/Pods-NIPRnHotReloadTests/Pods-NIPRnHotReloadTests.release.xcconfig"; sourceTree = "<group>"; };
		2EACA445BFC1B3F2262CE6E0 /* Pods-NIPRnHotReloadTests.debug.xcconfig */ = {isa = PBXFileReference; includeInIndex = 1; lastKnownFileType = text.xcconfig; name = "Pods-NIPRnHotReloadTests.debug.xcconfig"; path = "Pods/Target Support Files/Pods-NIPRnHotReloadTests/Pods-NIPRnHotReloadTests.debug.xcconfig"; sourceTree = "<group>"; };
		344A84602D46FE713665FF33 /* Pods-NIPRnHotReload.debug.xcconfig */ = {isa = PBXFileReference; includeInIndex = 1; lastKnownFileType = text.xcconfig; name = "Pods-NIPRnHotReload.debug.xcconfig"; path = "Pods/Target Support Files/Pods-NIPRnHotReload/Pods-NIPRnHotReload.debug.xcconfig"; sourceTree = "<group>"; };
		60A51D8C8AA04DC798E16B72 /* libPods-NIPRnHotReloadUITests.a */ = {isa = PBXFileReference; explicitFileType = archive.ar; includeInIndex = 0; path = "libPods-NIPRnHotReloadUITests.a"; sourceTree = BUILT_PRODUCTS_DIR; };
		AF7D2A5220440668004BBF11 /* NIPRnHotReload.app */ = {isa = PBXFileReference; explicitFileType = wrapper.application; includeInIndex = 0; path = NIPRnHotReload.app; sourceTree = BUILT_PRODUCTS_DIR; };
		AF7D2A5520440668004BBF11 /* AppDelegate.h */ = {isa = PBXFileReference; lastKnownFileType = sourcecode.c.h; path = AppDelegate.h; sourceTree = "<group>"; };
		AF7D2A5620440668004BBF11 /* AppDelegate.m */ = {isa = PBXFileReference; lastKnownFileType = sourcecode.c.objc; path = AppDelegate.m; sourceTree = "<group>"; };
		AF7D2A5820440668004BBF11 /* ViewController.h */ = {isa = PBXFileReference; lastKnownFileType = sourcecode.c.h; path = ViewController.h; sourceTree = "<group>"; };
		AF7D2A5920440668004BBF11 /* ViewController.m */ = {isa = PBXFileReference; lastKnownFileType = sourcecode.c.objc; path = ViewController.m; sourceTree = "<group>"; };
		AF7D2A5C20440668004BBF11 /* Base */ = {isa = PBXFileReference; lastKnownFileType = file.storyboard; name = Base; path = Base.lproj/Main.storyboard; sourceTree = "<group>"; };
		AF7D2A5E20440668004BBF11 /* Assets.xcassets */ = {isa = PBXFileReference; lastKnownFileType = folder.assetcatalog; path = Assets.xcassets; sourceTree = "<group>"; };
		AF7D2A6120440668004BBF11 /* Base */ = {isa = PBXFileReference; lastKnownFileType = file.storyboard; name = Base; path = Base.lproj/LaunchScreen.storyboard; sourceTree = "<group>"; };
		AF7D2A6320440668004BBF11 /* Info.plist */ = {isa = PBXFileReference; lastKnownFileType = text.plist.xml; path = Info.plist; sourceTree = "<group>"; };
		AF7D2A6420440668004BBF11 /* main.m */ = {isa = PBXFileReference; lastKnownFileType = sourcecode.c.objc; path = main.m; sourceTree = "<group>"; };
		AF7D2A6A20440668004BBF11 /* NIPRnHotReloadTests.xctest */ = {isa = PBXFileReference; explicitFileType = wrapper.cfbundle; includeInIndex = 0; path = NIPRnHotReloadTests.xctest; sourceTree = BUILT_PRODUCTS_DIR; };
		AF7D2A6E20440668004BBF11 /* NIPRnHotReloadTests.m */ = {isa = PBXFileReference; lastKnownFileType = sourcecode.c.objc; path = NIPRnHotReloadTests.m; sourceTree = "<group>"; };
		AF7D2A7020440668004BBF11 /* Info.plist */ = {isa = PBXFileReference; lastKnownFileType = text.plist.xml; path = Info.plist; sourceTree = "<group>"; };
		AF7D2A7520440668004BBF11 /* NIPRnHotReloadUITests.xctest */ = {isa = PBXFileReference; explicitFileType = wrapper.cfbundle; includeInIndex = 0; path = NIPRnHotReloadUITests.xctest; sourceTree = BUILT_PRODUCTS_DIR; };
		AF7D2A7920440668004BBF11 /* NIPRnHotReloadUITests.m */ = {isa = PBXFileReference; lastKnownFileType = sourcecode.c.objc; path = NIPRnHotReloadUITests.m; sourceTree = "<group>"; };
		AF7D2A7B20440668004BBF11 /* Info.plist */ = {isa = PBXFileReference; lastKnownFileType = text.plist.xml; path = Info.plist; sourceTree = "<group>"; };
		AF7D2AAC20440945004BBF11 /* NIPRnHotReloadHelper.m */ = {isa = PBXFileReference; fileEncoding = 4; lastKnownFileType = sourcecode.c.objc; path = NIPRnHotReloadHelper.m; sourceTree = "<group>"; };
		AF7D2AAD20440946004BBF11 /* NIPRnUpdateService.h */ = {isa = PBXFileReference; fileEncoding = 4; lastKnownFileType = sourcecode.c.h; path = NIPRnUpdateService.h; sourceTree = "<group>"; };
		AF7D2AAE20440946004BBF11 /* NIPRnDefines.h */ = {isa = PBXFileReference; fileEncoding = 4; lastKnownFileType = sourcecode.c.h; path = NIPRnDefines.h; sourceTree = "<group>"; };
		AF7D2AAF20440946004BBF11 /* NIPRnHotReloadHelper.h */ = {isa = PBXFileReference; fileEncoding = 4; lastKnownFileType = sourcecode.c.h; path = NIPRnHotReloadHelper.h; sourceTree = "<group>"; };
		AF7D2AB020440946004BBF11 /* NIPRnManager.h */ = {isa = PBXFileReference; fileEncoding = 4; lastKnownFileType = sourcecode.c.h; path = NIPRnManager.h; sourceTree = "<group>"; };
		AF7D2AB120440946004BBF11 /* NIPRnController.m */ = {isa = PBXFileReference; fileEncoding = 4; lastKnownFileType = sourcecode.c.objc; path = NIPRnController.m; sourceTree = "<group>"; };
		AF7D2AB320440946004BBF11 /* DiffMatchPatch.h */ = {isa = PBXFileReference; fileEncoding = 4; lastKnownFileType = sourcecode.c.h; path = DiffMatchPatch.h; sourceTree = "<group>"; };
		AF7D2AB420440946004BBF11 /* DiffMatchPatch.m */ = {isa = PBXFileReference; fileEncoding = 4; lastKnownFileType = sourcecode.c.objc; path = DiffMatchPatch.m; sourceTree = "<group>"; };
		AF7D2AB520440946004BBF11 /* DiffMatchPatchCFUtilities.c */ = {isa = PBXFileReference; fileEncoding = 4; lastKnownFileType = sourcecode.c.c; path = DiffMatchPatchCFUtilities.c; sourceTree = "<group>"; };
		AF7D2AB620440946004BBF11 /* DiffMatchPatchCFUtilities.h */ = {isa = PBXFileReference; fileEncoding = 4; lastKnownFileType = sourcecode.c.h; path = DiffMatchPatchCFUtilities.h; sourceTree = "<group>"; };
		AF7D2AB720440946004BBF11 /* JXArcCompatibilityMacros.h */ = {isa = PBXFileReference; fileEncoding = 4; lastKnownFileType = sourcecode.c.h; path = JXArcCompatibilityMacros.h; sourceTree = "<group>"; };
		AF7D2AB820440946004BBF11 /* MinMaxMacros.h */ = {isa = PBXFileReference; fileEncoding = 4; lastKnownFileType = sourcecode.c.h; path = MinMaxMacros.h; sourceTree = "<group>"; };
		AF7D2AB920440946004BBF11 /* nip_rn_utils_diff.h */ = {isa = PBXFileReference; fileEncoding = 4; lastKnownFileType = sourcecode.c.h; path = nip_rn_utils_diff.h; sourceTree = "<group>"; };
		AF7D2ABA20440946004BBF11 /* NSMutableDictionary+DMPExtensions.h */ = {isa = PBXFileReference; fileEncoding = 4; lastKnownFileType = sourcecode.c.h; path = "NSMutableDictionary+DMPExtensions.h"; sourceTree = "<group>"; };
		AF7D2ABB20440946004BBF11 /* NSMutableDictionary+DMPExtensions.m */ = {isa = PBXFileReference; fileEncoding = 4; lastKnownFileType = sourcecode.c.objc; path = "NSMutableDictionary+DMPExtensions.m"; sourceTree = "<group>"; };
		AF7D2ABC20440946004BBF11 /* NSString+JavaSubstring.h */ = {isa = PBXFileReference; fileEncoding = 4; lastKnownFileType = sourcecode.c.h; path = "NSString+JavaSubstring.h"; sourceTree = "<group>"; };
		AF7D2ABD20440946004BBF11 /* NSString+JavaSubstring.m */ = {isa = PBXFileReference; fileEncoding = 4; lastKnownFileType = sourcecode.c.objc; path = "NSString+JavaSubstring.m"; sourceTree = "<group>"; };
		AF7D2ABE20440946004BBF11 /* NSString+UnicharUtilities.h */ = {isa = PBXFileReference; fileEncoding = 4; lastKnownFileType = sourcecode.c.h; path = "NSString+UnicharUtilities.h"; sourceTree = "<group>"; };
		AF7D2ABF20440946004BBF11 /* NSString+UnicharUtilities.m */ = {isa = PBXFileReference; fileEncoding = 4; lastKnownFileType = sourcecode.c.objc; path = "NSString+UnicharUtilities.m"; sourceTree = "<group>"; };
		AF7D2AC020440946004BBF11 /* NSString+UriCompatibility.h */ = {isa = PBXFileReference; fileEncoding = 4; lastKnownFileType = sourcecode.c.h; path = "NSString+UriCompatibility.h"; sourceTree = "<group>"; };
		AF7D2AC120440946004BBF11 /* NSString+UriCompatibility.m */ = {isa = PBXFileReference; fileEncoding = 4; lastKnownFileType = sourcecode.c.objc; path = "NSString+UriCompatibility.m"; sourceTree = "<group>"; };
		AF7D2AC220440946004BBF11 /* NIPRnController.h */ = {isa = PBXFileReference; fileEncoding = 4; lastKnownFileType = sourcecode.c.h; path = NIPRnController.h; sourceTree = "<group>"; };
		AF7D2AC320440946004BBF11 /* NIPRnManager.m */ = {isa = PBXFileReference; fileEncoding = 4; lastKnownFileType = sourcecode.c.objc; path = NIPRnManager.m; sourceTree = "<group>"; };
		AF7D2AC420440946004BBF11 /* NIPRnUpdateService.m */ = {isa = PBXFileReference; fileEncoding = 4; lastKnownFileType = sourcecode.c.objc; path = NIPRnUpdateService.m; sourceTree = "<group>"; };
		C1965E3D89BEED3FCAEEB6E1 /* Pods-NIPRnHotReload.release.xcconfig */ = {isa = PBXFileReference; includeInIndex = 1; lastKnownFileType = text.xcconfig; name = "Pods-NIPRnHotReload.release.xcconfig"; path = "Pods/Target Support Files/Pods-NIPRnHotReload/Pods-NIPRnHotReload.release.xcconfig"; sourceTree = "<group>"; };
/* End PBXFileReference section */

/* Begin PBXFrameworksBuildPhase section */
		AF7D2A4F20440668004BBF11 /* Frameworks */ = {
			isa = PBXFrameworksBuildPhase;
			buildActionMask = 2147483647;
			files = (
				FD084195F33FE5C5318DE1F8 /* libPods-NIPRnHotReload.a in Frameworks */,
			);
			runOnlyForDeploymentPostprocessing = 0;
		};
		AF7D2A6720440668004BBF11 /* Frameworks */ = {
			isa = PBXFrameworksBuildPhase;
			buildActionMask = 2147483647;
			files = (
				1DE7E7C89C0415F2DA65DA0E /* libPods-NIPRnHotReloadTests.a in Frameworks */,
			);
			runOnlyForDeploymentPostprocessing = 0;
		};
		AF7D2A7220440668004BBF11 /* Frameworks */ = {
			isa = PBXFrameworksBuildPhase;
			buildActionMask = 2147483647;
			files = (
				61A1E408E41563797A23DCF8 /* libPods-NIPRnHotReloadUITests.a in Frameworks */,
			);
			runOnlyForDeploymentPostprocessing = 0;
		};
/* End PBXFrameworksBuildPhase section */

/* Begin PBXGroup section */
		3578994AB80031508979E86E /* Pods */ = {
			isa = PBXGroup;
			children = (
				344A84602D46FE713665FF33 /* Pods-NIPRnHotReload.debug.xcconfig */,
				C1965E3D89BEED3FCAEEB6E1 /* Pods-NIPRnHotReload.release.xcconfig */,
				2EACA445BFC1B3F2262CE6E0 /* Pods-NIPRnHotReloadTests.debug.xcconfig */,
				1DE19D502446A95EBB70D1E0 /* Pods-NIPRnHotReloadTests.release.xcconfig */,
				1994AA371A8FF0B23FBFA9CA /* Pods-NIPRnHotReloadUITests.debug.xcconfig */,
				062B80308CDF92D0B04CECE2 /* Pods-NIPRnHotReloadUITests.release.xcconfig */,
			);
			name = Pods;
			sourceTree = "<group>";
		};
		368A076F5E1691EE71261461 /* Frameworks */ = {
			isa = PBXGroup;
			children = (
				13D81632A3A7CF579C0CAE3D /* libPods-NIPRnHotReload.a */,
				09658855317612F4BFB543E9 /* libPods-NIPRnHotReloadTests.a */,
				60A51D8C8AA04DC798E16B72 /* libPods-NIPRnHotReloadUITests.a */,
			);
			name = Frameworks;
			sourceTree = "<group>";
		};
		AF7D2A4920440668004BBF11 = {
			isa = PBXGroup;
			children = (
				AF7D2AAB2044092F004BBF11 /* RNHotReload */,
				AF7D2A5420440668004BBF11 /* NIPRnHotReload */,
				AF7D2A6D20440668004BBF11 /* NIPRnHotReloadTests */,
				AF7D2A7820440668004BBF11 /* NIPRnHotReloadUITests */,
				AF7D2A5320440668004BBF11 /* Products */,
				3578994AB80031508979E86E /* Pods */,
				368A076F5E1691EE71261461 /* Frameworks */,
			);
			sourceTree = "<group>";
		};
		AF7D2A5320440668004BBF11 /* Products */ = {
			isa = PBXGroup;
			children = (
				AF7D2A5220440668004BBF11 /* NIPRnHotReload.app */,
				AF7D2A6A20440668004BBF11 /* NIPRnHotReloadTests.xctest */,
				AF7D2A7520440668004BBF11 /* NIPRnHotReloadUITests.xctest */,
			);
			name = Products;
			sourceTree = "<group>";
		};
		AF7D2A5420440668004BBF11 /* NIPRnHotReload */ = {
			isa = PBXGroup;
			children = (
				AF7D2A5520440668004BBF11 /* AppDelegate.h */,
				AF7D2A5620440668004BBF11 /* AppDelegate.m */,
				AF7D2A5820440668004BBF11 /* ViewController.h */,
				AF7D2A5920440668004BBF11 /* ViewController.m */,
				AF7D2A5B20440668004BBF11 /* Main.storyboard */,
				AF7D2A5E20440668004BBF11 /* Assets.xcassets */,
				AF7D2A6020440668004BBF11 /* LaunchScreen.storyboard */,
				AF7D2A6320440668004BBF11 /* Info.plist */,
				AF7D2A6420440668004BBF11 /* main.m */,
			);
			path = NIPRnHotReload;
			sourceTree = "<group>";
		};
		AF7D2A6D20440668004BBF11 /* NIPRnHotReloadTests */ = {
			isa = PBXGroup;
			children = (
				AF7D2A6E20440668004BBF11 /* NIPRnHotReloadTests.m */,
				AF7D2A7020440668004BBF11 /* Info.plist */,
			);
			path = NIPRnHotReloadTests;
			sourceTree = "<group>";
		};
		AF7D2A7820440668004BBF11 /* NIPRnHotReloadUITests */ = {
			isa = PBXGroup;
			children = (
				AF7D2A7920440668004BBF11 /* NIPRnHotReloadUITests.m */,
				AF7D2A7B20440668004BBF11 /* Info.plist */,
			);
			path = NIPRnHotReloadUITests;
			sourceTree = "<group>";
		};
		AF7D2AAB2044092F004BBF11 /* RNHotReload */ = {
			isa = PBXGroup;
			children = (
				AF7D2AB220440946004BBF11 /* diff */,
				AF7D2AC220440946004BBF11 /* NIPRnController.h */,
				AF7D2AB120440946004BBF11 /* NIPRnController.m */,
				AF7D2AAE20440946004BBF11 /* NIPRnDefines.h */,
				AF7D2AAF20440946004BBF11 /* NIPRnHotReloadHelper.h */,
				AF7D2AAC20440945004BBF11 /* NIPRnHotReloadHelper.m */,
				AF7D2AB020440946004BBF11 /* NIPRnManager.h */,
				AF7D2AC320440946004BBF11 /* NIPRnManager.m */,
				AF7D2AAD20440946004BBF11 /* NIPRnUpdateService.h */,
				AF7D2AC420440946004BBF11 /* NIPRnUpdateService.m */,
			);
			name = RNHotReload;
			sourceTree = "<group>";
		};
		AF7D2AB220440946004BBF11 /* diff */ = {
			isa = PBXGroup;
			children = (
				AF7D2AB320440946004BBF11 /* DiffMatchPatch.h */,
				AF7D2AB420440946004BBF11 /* DiffMatchPatch.m */,
				AF7D2AB520440946004BBF11 /* DiffMatchPatchCFUtilities.c */,
				AF7D2AB620440946004BBF11 /* DiffMatchPatchCFUtilities.h */,
				AF7D2AB720440946004BBF11 /* JXArcCompatibilityMacros.h */,
				AF7D2AB820440946004BBF11 /* MinMaxMacros.h */,
				AF7D2AB920440946004BBF11 /* nip_rn_utils_diff.h */,
				AF7D2ABA20440946004BBF11 /* NSMutableDictionary+DMPExtensions.h */,
				AF7D2ABB20440946004BBF11 /* NSMutableDictionary+DMPExtensions.m */,
				AF7D2ABC20440946004BBF11 /* NSString+JavaSubstring.h */,
				AF7D2ABD20440946004BBF11 /* NSString+JavaSubstring.m */,
				AF7D2ABE20440946004BBF11 /* NSString+UnicharUtilities.h */,
				AF7D2ABF20440946004BBF11 /* NSString+UnicharUtilities.m */,
				AF7D2AC020440946004BBF11 /* NSString+UriCompatibility.h */,
				AF7D2AC120440946004BBF11 /* NSString+UriCompatibility.m */,
			);
			path = diff;
			sourceTree = "<group>";
		};
/* End PBXGroup section */

/* Begin PBXNativeTarget section */
		AF7D2A5120440668004BBF11 /* NIPRnHotReload */ = {
			isa = PBXNativeTarget;
			buildConfigurationList = AF7D2A7E20440668004BBF11 /* Build configuration list for PBXNativeTarget "NIPRnHotReload" */;
			buildPhases = (
				37AED15F2E47AB4AAC0C3A86 /* [CP] Check Pods Manifest.lock */,
				AF7D2A4E20440668004BBF11 /* Sources */,
				AF7D2A4F20440668004BBF11 /* Frameworks */,
				AF7D2A5020440668004BBF11 /* Resources */,
				67A0A50B6B69DE0F529CC0BF /* [CP] Embed Pods Frameworks */,
				61481085CCB9476027B47CCC /* [CP] Copy Pods Resources */,
			);
			buildRules = (
			);
			dependencies = (
			);
			name = NIPRnHotReload;
			productName = NIPRnHotReload;
			productReference = AF7D2A5220440668004BBF11 /* NIPRnHotReload.app */;
			productType = "com.apple.product-type.application";
		};
		AF7D2A6920440668004BBF11 /* NIPRnHotReloadTests */ = {
			isa = PBXNativeTarget;
			buildConfigurationList = AF7D2A8120440668004BBF11 /* Build configuration list for PBXNativeTarget "NIPRnHotReloadTests" */;
			buildPhases = (
				4AB69F42E40E549D1379AD01 /* [CP] Check Pods Manifest.lock */,
				AF7D2A6620440668004BBF11 /* Sources */,
				AF7D2A6720440668004BBF11 /* Frameworks */,
				AF7D2A6820440668004BBF11 /* Resources */,
				897391730543CC8BCDBC0350 /* [CP] Embed Pods Frameworks */,
				B95A73F4C62CA96BCBD97A63 /* [CP] Copy Pods Resources */,
			);
			buildRules = (
			);
			dependencies = (
				AF7D2A6C20440668004BBF11 /* PBXTargetDependency */,
			);
			name = NIPRnHotReloadTests;
			productName = NIPRnHotReloadTests;
			productReference = AF7D2A6A20440668004BBF11 /* NIPRnHotReloadTests.xctest */;
			productType = "com.apple.product-type.bundle.unit-test";
		};
		AF7D2A7420440668004BBF11 /* NIPRnHotReloadUITests */ = {
			isa = PBXNativeTarget;
			buildConfigurationList = AF7D2A8420440668004BBF11 /* Build configuration list for PBXNativeTarget "NIPRnHotReloadUITests" */;
			buildPhases = (
				C9F90FF09FFA5614C3B5BF66 /* [CP] Check Pods Manifest.lock */,
				AF7D2A7120440668004BBF11 /* Sources */,
				AF7D2A7220440668004BBF11 /* Frameworks */,
				AF7D2A7320440668004BBF11 /* Resources */,
				E2D06ACB132DDC5ACB736CFE /* [CP] Embed Pods Frameworks */,
				AA8AD00079074FA94482DF16 /* [CP] Copy Pods Resources */,
			);
			buildRules = (
			);
			dependencies = (
				AF7D2A7720440668004BBF11 /* PBXTargetDependency */,
			);
			name = NIPRnHotReloadUITests;
			productName = NIPRnHotReloadUITests;
			productReference = AF7D2A7520440668004BBF11 /* NIPRnHotReloadUITests.xctest */;
			productType = "com.apple.product-type.bundle.ui-testing";
		};
/* End PBXNativeTarget section */

/* Begin PBXProject section */
		AF7D2A4A20440668004BBF11 /* Project object */ = {
			isa = PBXProject;
			attributes = {
				LastUpgradeCheck = 0920;
				ORGANIZATIONNAME = zramals;
				TargetAttributes = {
					AF7D2A5120440668004BBF11 = {
						CreatedOnToolsVersion = 9.2;
						ProvisioningStyle = Automatic;
					};
					AF7D2A6920440668004BBF11 = {
						CreatedOnToolsVersion = 9.2;
						ProvisioningStyle = Automatic;
						TestTargetID = AF7D2A5120440668004BBF11;
					};
					AF7D2A7420440668004BBF11 = {
						CreatedOnToolsVersion = 9.2;
						ProvisioningStyle = Automatic;
						TestTargetID = AF7D2A5120440668004BBF11;
					};
				};
			};
			buildConfigurationList = AF7D2A4D20440668004BBF11 /* Build configuration list for PBXProject "NIPRnHotReload" */;
			compatibilityVersion = "Xcode 8.0";
			developmentRegion = en;
			hasScannedForEncodings = 0;
			knownRegions = (
				en,
				Base,
			);
			mainGroup = AF7D2A4920440668004BBF11;
			productRefGroup = AF7D2A5320440668004BBF11 /* Products */;
			projectDirPath = "";
			projectRoot = "";
			targets = (
				AF7D2A5120440668004BBF11 /* NIPRnHotReload */,
				AF7D2A6920440668004BBF11 /* NIPRnHotReloadTests */,
				AF7D2A7420440668004BBF11 /* NIPRnHotReloadUITests */,
			);
		};
/* End PBXProject section */

/* Begin PBXResourcesBuildPhase section */
		AF7D2A5020440668004BBF11 /* Resources */ = {
			isa = PBXResourcesBuildPhase;
			buildActionMask = 2147483647;
			files = (
				AF7D2A6220440668004BBF11 /* LaunchScreen.storyboard in Resources */,
				AF7D2A5F20440668004BBF11 /* Assets.xcassets in Resources */,
				AF7D2A5D20440668004BBF11 /* Main.storyboard in Resources */,
			);
			runOnlyForDeploymentPostprocessing = 0;
		};
		AF7D2A6820440668004BBF11 /* Resources */ = {
			isa = PBXResourcesBuildPhase;
			buildActionMask = 2147483647;
			files = (
			);
			runOnlyForDeploymentPostprocessing = 0;
		};
		AF7D2A7320440668004BBF11 /* Resources */ = {
			isa = PBXResourcesBuildPhase;
			buildActionMask = 2147483647;
			files = (
			);
			runOnlyForDeploymentPostprocessing = 0;
		};
/* End PBXResourcesBuildPhase section */

/* Begin PBXShellScriptBuildPhase section */
		37AED15F2E47AB4AAC0C3A86 /* [CP] Check Pods Manifest.lock */ = {
			isa = PBXShellScriptBuildPhase;
			buildActionMask = 2147483647;
			files = (
			);
			inputPaths = (
			);
			name = "[CP] Check Pods Manifest.lock";
			outputPaths = (
			);
			runOnlyForDeploymentPostprocessing = 0;
			shellPath = /bin/sh;
			shellScript = "diff \"${PODS_PODFILE_DIR_PATH}/Podfile.lock\" \"${PODS_ROOT}/Manifest.lock\" > /dev/null\nif [ $? != 0 ] ; then\n    # print error to STDERR\n    echo \"error: The sandbox is not in sync with the Podfile.lock. Run 'pod install' or update your CocoaPods installation.\" >&2\n    exit 1\nfi\n";
			showEnvVarsInLog = 0;
		};
		4AB69F42E40E549D1379AD01 /* [CP] Check Pods Manifest.lock */ = {
			isa = PBXShellScriptBuildPhase;
			buildActionMask = 2147483647;
			files = (
			);
			inputPaths = (
			);
			name = "[CP] Check Pods Manifest.lock";
			outputPaths = (
			);
			runOnlyForDeploymentPostprocessing = 0;
			shellPath = /bin/sh;
			shellScript = "diff \"${PODS_PODFILE_DIR_PATH}/Podfile.lock\" \"${PODS_ROOT}/Manifest.lock\" > /dev/null\nif [ $? != 0 ] ; then\n    # print error to STDERR\n    echo \"error: The sandbox is not in sync with the Podfile.lock. Run 'pod install' or update your CocoaPods installation.\" >&2\n    exit 1\nfi\n";
			showEnvVarsInLog = 0;
		};
		61481085CCB9476027B47CCC /* [CP] Copy Pods Resources */ = {
			isa = PBXShellScriptBuildPhase;
			buildActionMask = 2147483647;
			files = (
			);
			inputPaths = (
			);
			name = "[CP] Copy Pods Resources";
			outputPaths = (
			);
			runOnlyForDeploymentPostprocessing = 0;
			shellPath = /bin/sh;
			shellScript = "\"${SRCROOT}/Pods/Target Support Files/Pods-NIPRnHotReload/Pods-NIPRnHotReload-resources.sh\"\n";
			showEnvVarsInLog = 0;
		};
		67A0A50B6B69DE0F529CC0BF /* [CP] Embed Pods Frameworks */ = {
			isa = PBXShellScriptBuildPhase;
			buildActionMask = 2147483647;
			files = (
			);
			inputPaths = (
			);
			name = "[CP] Embed Pods Frameworks";
			outputPaths = (
			);
			runOnlyForDeploymentPostprocessing = 0;
			shellPath = /bin/sh;
			shellScript = "\"${SRCROOT}/Pods/Target Support Files/Pods-NIPRnHotReload/Pods-NIPRnHotReload-frameworks.sh\"\n";
			showEnvVarsInLog = 0;
		};
		897391730543CC8BCDBC0350 /* [CP] Embed Pods Frameworks */ = {
			isa = PBXShellScriptBuildPhase;
			buildActionMask = 2147483647;
			files = (
			);
			inputPaths = (
			);
			name = "[CP] Embed Pods Frameworks";
			outputPaths = (
			);
			runOnlyForDeploymentPostprocessing = 0;
			shellPath = /bin/sh;
			shellScript = "\"${SRCROOT}/Pods/Target Support Files/Pods-NIPRnHotReloadTests/Pods-NIPRnHotReloadTests-frameworks.sh\"\n";
			showEnvVarsInLog = 0;
		};
		AA8AD00079074FA94482DF16 /* [CP] Copy Pods Resources */ = {
			isa = PBXShellScriptBuildPhase;
			buildActionMask = 2147483647;
			files = (
			);
			inputPaths = (
			);
			name = "[CP] Copy Pods Resources";
			outputPaths = (
			);
			runOnlyForDeploymentPostprocessing = 0;
			shellPath = /bin/sh;
			shellScript = "\"${SRCROOT}/Pods/Target Support Files/Pods-NIPRnHotReloadUITests/Pods-NIPRnHotReloadUITests-resources.sh\"\n";
			showEnvVarsInLog = 0;
		};
		B95A73F4C62CA96BCBD97A63 /* [CP] Copy Pods Resources */ = {
			isa = PBXShellScriptBuildPhase;
			buildActionMask = 2147483647;
			files = (
			);
			inputPaths = (
			);
			name = "[CP] Copy Pods Resources";
			outputPaths = (
			);
			runOnlyForDeploymentPostprocessing = 0;
			shellPath = /bin/sh;
			shellScript = "\"${SRCROOT}/Pods/Target Support Files/Pods-NIPRnHotReloadTests/Pods-NIPRnHotReloadTests-resources.sh\"\n";
			showEnvVarsInLog = 0;
		};
		C9F90FF09FFA5614C3B5BF66 /* [CP] Check Pods Manifest.lock */ = {
			isa = PBXShellScriptBuildPhase;
			buildActionMask = 2147483647;
			files = (
			);
			inputPaths = (
			);
			name = "[CP] Check Pods Manifest.lock";
			outputPaths = (
			);
			runOnlyForDeploymentPostprocessing = 0;
			shellPath = /bin/sh;
			shellScript = "diff \"${PODS_PODFILE_DIR_PATH}/Podfile.lock\" \"${PODS_ROOT}/Manifest.lock\" > /dev/null\nif [ $? != 0 ] ; then\n    # print error to STDERR\n    echo \"error: The sandbox is not in sync with the Podfile.lock. Run 'pod install' or update your CocoaPods installation.\" >&2\n    exit 1\nfi\n";
			showEnvVarsInLog = 0;
		};
		E2D06ACB132DDC5ACB736CFE /* [CP] Embed Pods Frameworks */ = {
			isa = PBXShellScriptBuildPhase;
			buildActionMask = 2147483647;
			files = (
			);
			inputPaths = (
			);
			name = "[CP] Embed Pods Frameworks";
			outputPaths = (
			);
			runOnlyForDeploymentPostprocessing = 0;
			shellPath = /bin/sh;
			shellScript = "\"${SRCROOT}/Pods/Target Support Files/Pods-NIPRnHotReloadUITests/Pods-NIPRnHotReloadUITests-frameworks.sh\"\n";
			showEnvVarsInLog = 0;
		};
/* End PBXShellScriptBuildPhase section */

/* Begin PBXSourcesBuildPhase section */
		AF7D2A4E20440668004BBF11 /* Sources */ = {
			isa = PBXSourcesBuildPhase;
			buildActionMask = 2147483647;
			files = (
				AF7D2AC620440946004BBF11 /* NIPRnController.m in Sources */,
				AF7D2ACB20440946004BBF11 /* NSString+UnicharUtilities.m in Sources */,
				AF7D2A5A20440668004BBF11 /* ViewController.m in Sources */,
				AF7D2A6520440668004BBF11 /* main.m in Sources */,
				AF7D2AC920440946004BBF11 /* NSMutableDictionary+DMPExtensions.m in Sources */,
				AF7D2ACA20440946004BBF11 /* NSString+JavaSubstring.m in Sources */,
				AF7D2AC520440946004BBF11 /* NIPRnHotReloadHelper.m in Sources */,
				AF7D2ACE20440946004BBF11 /* NIPRnUpdateService.m in Sources */,
				AF7D2ACD20440946004BBF11 /* NIPRnManager.m in Sources */,
				AF7D2ACC20440946004BBF11 /* NSString+UriCompatibility.m in Sources */,
				AF7D2AC820440946004BBF11 /* DiffMatchPatchCFUtilities.c in Sources */,
				AF7D2A5720440668004BBF11 /* AppDelegate.m in Sources */,
				AF7D2AC720440946004BBF11 /* DiffMatchPatch.m in Sources */,
			);
			runOnlyForDeploymentPostprocessing = 0;
		};
		AF7D2A6620440668004BBF11 /* Sources */ = {
			isa = PBXSourcesBuildPhase;
			buildActionMask = 2147483647;
			files = (
				AF7D2A6F20440668004BBF11 /* NIPRnHotReloadTests.m in Sources */,
			);
			runOnlyForDeploymentPostprocessing = 0;
		};
		AF7D2A7120440668004BBF11 /* Sources */ = {
			isa = PBXSourcesBuildPhase;
			buildActionMask = 2147483647;
			files = (
				AF7D2A7A20440668004BBF11 /* NIPRnHotReloadUITests.m in Sources */,
			);
			runOnlyForDeploymentPostprocessing = 0;
		};
/* End PBXSourcesBuildPhase section */

/* Begin PBXTargetDependency section */
		AF7D2A6C20440668004BBF11 /* PBXTargetDependency */ = {
			isa = PBXTargetDependency;
			target = AF7D2A5120440668004BBF11 /* NIPRnHotReload */;
			targetProxy = AF7D2A6B20440668004BBF11 /* PBXContainerItemProxy */;
		};
		AF7D2A7720440668004BBF11 /* PBXTargetDependency */ = {
			isa = PBXTargetDependency;
			target = AF7D2A5120440668004BBF11 /* NIPRnHotReload */;
			targetProxy = AF7D2A7620440668004BBF11 /* PBXContainerItemProxy */;
		};
/* End PBXTargetDependency section */

/* Begin PBXVariantGroup section */
		AF7D2A5B20440668004BBF11 /* Main.storyboard */ = {
			isa = PBXVariantGroup;
			children = (
				AF7D2A5C20440668004BBF11 /* Base */,
			);
			name = Main.storyboard;
			sourceTree = "<group>";
		};
		AF7D2A6020440668004BBF11 /* LaunchScreen.storyboard */ = {
			isa = PBXVariantGroup;
			children = (
				AF7D2A6120440668004BBF11 /* Base */,
			);
			name = LaunchScreen.storyboard;
			sourceTree = "<group>";
		};
/* End PBXVariantGroup section */

/* Begin XCBuildConfiguration section */
		AF7D2A7C20440668004BBF11 /* Debug */ = {
			isa = XCBuildConfiguration;
			buildSettings = {
				ALWAYS_SEARCH_USER_PATHS = NO;
				CLANG_ANALYZER_NONNULL = YES;
				CLANG_ANALYZER_NUMBER_OBJECT_CONVERSION = YES_AGGRESSIVE;
				CLANG_CXX_LANGUAGE_STANDARD = "gnu++14";
				CLANG_CXX_LIBRARY = "libc++";
				CLANG_ENABLE_MODULES = YES;
				CLANG_ENABLE_OBJC_ARC = YES;
				CLANG_WARN_BLOCK_CAPTURE_AUTORELEASING = YES;
				CLANG_WARN_BOOL_CONVERSION = YES;
				CLANG_WARN_COMMA = YES;
				CLANG_WARN_CONSTANT_CONVERSION = YES;
				CLANG_WARN_DIRECT_OBJC_ISA_USAGE = YES_ERROR;
				CLANG_WARN_DOCUMENTATION_COMMENTS = YES;
				CLANG_WARN_EMPTY_BODY = YES;
				CLANG_WARN_ENUM_CONVERSION = YES;
				CLANG_WARN_INFINITE_RECURSION = YES;
				CLANG_WARN_INT_CONVERSION = YES;
				CLANG_WARN_NON_LITERAL_NULL_CONVERSION = YES;
				CLANG_WARN_OBJC_LITERAL_CONVERSION = YES;
				CLANG_WARN_OBJC_ROOT_CLASS = YES_ERROR;
				CLANG_WARN_RANGE_LOOP_ANALYSIS = YES;
				CLANG_WARN_STRICT_PROTOTYPES = YES;
				CLANG_WARN_SUSPICIOUS_MOVE = YES;
				CLANG_WARN_UNGUARDED_AVAILABILITY = YES_AGGRESSIVE;
				CLANG_WARN_UNREACHABLE_CODE = YES;
				CLANG_WARN__DUPLICATE_METHOD_MATCH = YES;
				CODE_SIGN_IDENTITY = "iPhone Developer";
				COPY_PHASE_STRIP = NO;
				DEBUG_INFORMATION_FORMAT = dwarf;
				ENABLE_STRICT_OBJC_MSGSEND = YES;
				ENABLE_TESTABILITY = YES;
				GCC_C_LANGUAGE_STANDARD = gnu11;
				GCC_DYNAMIC_NO_PIC = NO;
				GCC_NO_COMMON_BLOCKS = YES;
				GCC_OPTIMIZATION_LEVEL = 0;
				GCC_PREPROCESSOR_DEFINITIONS = (
					"DEBUG=1",
					"$(inherited)",
				);
				GCC_WARN_64_TO_32_BIT_CONVERSION = YES;
				GCC_WARN_ABOUT_RETURN_TYPE = YES_ERROR;
				GCC_WARN_UNDECLARED_SELECTOR = YES;
				GCC_WARN_UNINITIALIZED_AUTOS = YES_AGGRESSIVE;
				GCC_WARN_UNUSED_FUNCTION = YES;
				GCC_WARN_UNUSED_VARIABLE = YES;
				IPHONEOS_DEPLOYMENT_TARGET = 11.2;
				MTL_ENABLE_DEBUG_INFO = YES;
				ONLY_ACTIVE_ARCH = YES;
				SDKROOT = iphoneos;
			};
			name = Debug;
		};
		AF7D2A7D20440668004BBF11 /* Release */ = {
			isa = XCBuildConfiguration;
			buildSettings = {
				ALWAYS_SEARCH_USER_PATHS = NO;
				CLANG_ANALYZER_NONNULL = YES;
				CLANG_ANALYZER_NUMBER_OBJECT_CONVERSION = YES_AGGRESSIVE;
				CLANG_CXX_LANGUAGE_STANDARD = "gnu++14";
				CLANG_CXX_LIBRARY = "libc++";
				CLANG_ENABLE_MODULES = YES;
				CLANG_ENABLE_OBJC_ARC = YES;
				CLANG_WARN_BLOCK_CAPTURE_AUTORELEASING = YES;
				CLANG_WARN_BOOL_CONVERSION = YES;
				CLANG_WARN_COMMA = YES;
				CLANG_WARN_CONSTANT_CONVERSION = YES;
				CLANG_WARN_DIRECT_OBJC_ISA_USAGE = YES_ERROR;
				CLANG_WARN_DOCUMENTATION_COMMENTS = YES;
				CLANG_WARN_EMPTY_BODY = YES;
				CLANG_WARN_ENUM_CONVERSION = YES;
				CLANG_WARN_INFINITE_RECURSION = YES;
				CLANG_WARN_INT_CONVERSION = YES;
				CLANG_WARN_NON_LITERAL_NULL_CONVERSION = YES;
				CLANG_WARN_OBJC_LITERAL_CONVERSION = YES;
				CLANG_WARN_OBJC_ROOT_CLASS = YES_ERROR;
				CLANG_WARN_RANGE_LOOP_ANALYSIS = YES;
				CLANG_WARN_STRICT_PROTOTYPES = YES;
				CLANG_WARN_SUSPICIOUS_MOVE = YES;
				CLANG_WARN_UNGUARDED_AVAILABILITY = YES_AGGRESSIVE;
				CLANG_WARN_UNREACHABLE_CODE = YES;
				CLANG_WARN__DUPLICATE_METHOD_MATCH = YES;
				CODE_SIGN_IDENTITY = "iPhone Developer";
				COPY_PHASE_STRIP = NO;
				DEBUG_INFORMATION_FORMAT = "dwarf-with-dsym";
				ENABLE_NS_ASSERTIONS = NO;
				ENABLE_STRICT_OBJC_MSGSEND = YES;
				GCC_C_LANGUAGE_STANDARD = gnu11;
				GCC_NO_COMMON_BLOCKS = YES;
				GCC_WARN_64_TO_32_BIT_CONVERSION = YES;
				GCC_WARN_ABOUT_RETURN_TYPE = YES_ERROR;
				GCC_WARN_UNDECLARED_SELECTOR = YES;
				GCC_WARN_UNINITIALIZED_AUTOS = YES_AGGRESSIVE;
				GCC_WARN_UNUSED_FUNCTION = YES;
				GCC_WARN_UNUSED_VARIABLE = YES;
				IPHONEOS_DEPLOYMENT_TARGET = 11.2;
				MTL_ENABLE_DEBUG_INFO = NO;
				SDKROOT = iphoneos;
				VALIDATE_PRODUCT = YES;
			};
			name = Release;
		};
		AF7D2A7F20440668004BBF11 /* Debug */ = {
			isa = XCBuildConfiguration;
			baseConfigurationReference = 344A84602D46FE713665FF33 /* Pods-NIPRnHotReload.debug.xcconfig */;
			buildSettings = {
				ASSETCATALOG_COMPILER_APPICON_NAME = AppIcon;
				CODE_SIGN_STYLE = Automatic;
				DEVELOPMENT_TEAM = 6P78UULSV7;
				INFOPLIST_FILE = NIPRnHotReload/Info.plist;
				LD_RUNPATH_SEARCH_PATHS = "$(inherited) @executable_path/Frameworks";
				PRODUCT_BUNDLE_IDENTIFIER = bo.jing.NIPRnHotReload;
				PRODUCT_NAME = "$(TARGET_NAME)";
				TARGETED_DEVICE_FAMILY = "1,2";
			};
			name = Debug;
		};
		AF7D2A8020440668004BBF11 /* Release */ = {
			isa = XCBuildConfiguration;
			baseConfigurationReference = C1965E3D89BEED3FCAEEB6E1 /* Pods-NIPRnHotReload.release.xcconfig */;
			buildSettings = {
				ASSETCATALOG_COMPILER_APPICON_NAME = AppIcon;
				CODE_SIGN_STYLE = Automatic;
				DEVELOPMENT_TEAM = 6P78UULSV7;
				INFOPLIST_FILE = NIPRnHotReload/Info.plist;
				LD_RUNPATH_SEARCH_PATHS = "$(inherited) @executable_path/Frameworks";
				PRODUCT_BUNDLE_IDENTIFIER = bo.jing.NIPRnHotReload;
				PRODUCT_NAME = "$(TARGET_NAME)";
				TARGETED_DEVICE_FAMILY = "1,2";
			};
			name = Release;
		};
		AF7D2A8220440668004BBF11 /* Debug */ = {
			isa = XCBuildConfiguration;
			baseConfigurationReference = 2EACA445BFC1B3F2262CE6E0 /* Pods-NIPRnHotReloadTests.debug.xcconfig */;
			buildSettings = {
				BUNDLE_LOADER = "$(TEST_HOST)";
				CODE_SIGN_STYLE = Automatic;
				DEVELOPMENT_TEAM = 6P78UULSV7;
				INFOPLIST_FILE = NIPRnHotReloadTests/Info.plist;
				LD_RUNPATH_SEARCH_PATHS = "$(inherited) @executable_path/Frameworks @loader_path/Frameworks";
				PRODUCT_BUNDLE_IDENTIFIER = bo.jing.NIPRnHotReloadTests;
				PRODUCT_NAME = "$(TARGET_NAME)";
				TARGETED_DEVICE_FAMILY = "1,2";
				TEST_HOST = "$(BUILT_PRODUCTS_DIR)/NIPRnHotReload.app/NIPRnHotReload";
			};
			name = Debug;
		};
		AF7D2A8320440668004BBF11 /* Release */ = {
			isa = XCBuildConfiguration;
			baseConfigurationReference = 1DE19D502446A95EBB70D1E0 /* Pods-NIPRnHotReloadTests.release.xcconfig */;
			buildSettings = {
				BUNDLE_LOADER = "$(TEST_HOST)";
				CODE_SIGN_STYLE = Automatic;
				DEVELOPMENT_TEAM = 6P78UULSV7;
				INFOPLIST_FILE = NIPRnHotReloadTests/Info.plist;
				LD_RUNPATH_SEARCH_PATHS = "$(inherited) @executable_path/Frameworks @loader_path/Frameworks";
				PRODUCT_BUNDLE_IDENTIFIER = bo.jing.NIPRnHotReloadTests;
				PRODUCT_NAME = "$(TARGET_NAME)";
				TARGETED_DEVICE_FAMILY = "1,2";
				TEST_HOST = "$(BUILT_PRODUCTS_DIR)/NIPRnHotReload.app/NIPRnHotReload";
			};
			name = Release;
		};
		AF7D2A8520440668004BBF11 /* Debug */ = {
			isa = XCBuildConfiguration;
			baseConfigurationReference = 1994AA371A8FF0B23FBFA9CA /* Pods-NIPRnHotReloadUITests.debug.xcconfig */;
			buildSettings = {
				CODE_SIGN_STYLE = Automatic;
				DEVELOPMENT_TEAM = 6P78UULSV7;
				INFOPLIST_FILE = NIPRnHotReloadUITests/Info.plist;
				LD_RUNPATH_SEARCH_PATHS = "$(inherited) @executable_path/Frameworks @loader_path/Frameworks";
				PRODUCT_BUNDLE_IDENTIFIER = bo.jing.NIPRnHotReloadUITests;
				PRODUCT_NAME = "$(TARGET_NAME)";
				TARGETED_DEVICE_FAMILY = "1,2";
				TEST_TARGET_NAME = NIPRnHotReload;
			};
			name = Debug;
		};
		AF7D2A8620440668004BBF11 /* Release */ = {
			isa = XCBuildConfiguration;
			baseConfigurationReference = 062B80308CDF92D0B04CECE2 /* Pods-NIPRnHotReloadUITests.release.xcconfig */;
			buildSettings = {
				CODE_SIGN_STYLE = Automatic;
				DEVELOPMENT_TEAM = 6P78UULSV7;
				INFOPLIST_FILE = NIPRnHotReloadUITests/Info.plist;
				LD_RUNPATH_SEARCH_PATHS = "$(inherited) @executable_path/Frameworks @loader_path/Frameworks";
				PRODUCT_BUNDLE_IDENTIFIER = bo.jing.NIPRnHotReloadUITests;
				PRODUCT_NAME = "$(TARGET_NAME)";
				TARGETED_DEVICE_FAMILY = "1,2";
				TEST_TARGET_NAME = NIPRnHotReload;
			};
			name = Release;
		};
/* End XCBuildConfiguration section */

/* Begin XCConfigurationList section */
		AF7D2A4D20440668004BBF11 /* Build configuration list for PBXProject "NIPRnHotReload" */ = {
			isa = XCConfigurationList;
			buildConfigurations = (
				AF7D2A7C20440668004BBF11 /* Debug */,
				AF7D2A7D20440668004BBF11 /* Release */,
			);
			defaultConfigurationIsVisible = 0;
			defaultConfigurationName = Release;
		};
		AF7D2A7E20440668004BBF11 /* Build configuration list for PBXNativeTarget "NIPRnHotReload" */ = {
			isa = XCConfigurationList;
			buildConfigurations = (
				AF7D2A7F20440668004BBF11 /* Debug */,
				AF7D2A8020440668004BBF11 /* Release */,
			);
			defaultConfigurationIsVisible = 0;
			defaultConfigurationName = Release;
		};
		AF7D2A8120440668004BBF11 /* Build configuration list for PBXNativeTarget "NIPRnHotReloadTests" */ = {
			isa = XCConfigurationList;
			buildConfigurations = (
				AF7D2A8220440668004BBF11 /* Debug */,
				AF7D2A8320440668004BBF11 /* Release */,
			);
			defaultConfigurationIsVisible = 0;
			defaultConfigurationName = Release;
		};
		AF7D2A8420440668004BBF11 /* Build configuration list for PBXNativeTarget "NIPRnHotReloadUITests" */ = {
			isa = XCConfigurationList;
			buildConfigurations = (
				AF7D2A8520440668004BBF11 /* Debug */,
				AF7D2A8620440668004BBF11 /* Release */,
			);
			defaultConfigurationIsVisible = 0;
			defaultConfigurationName = Release;
		};
/* End XCConfigurationList section */
	};
	rootObject = AF7D2A4A20440668004BBF11 /* Project object */;
}
